
Microsoft Visual Studio Solution File, Format Version 12.00
# Visual Studio Version 17
VisualStudioVersion = 17.14.36301.6
MinimumVisualStudioVersion = 10.0.40219.1
Project("{FAE04EC0-301F-11D3-BF4B-00C04F79EFBC}") = "MeowCore", "MeowCore.csproj", "{EC45F922-1C19-4223-A8EB-5F8DCE5F34A0}"
EndProject
Project("{FAE04EC0-301F-11D3-BF4B-00C04F79EFBC}") = "MeowCore.Test", "..\MeowCore.Test\MeowCore.Test.csproj", "{BDAA182A-8C0F-4714-8535-F28181FDD33F}"
EndProject
Global
	GlobalSection(SolutionConfigurationPlatforms) = preSolution
		Debug|Any CPU = Debug|Any CPU
		Release|Any CPU = Release|Any CPU
	EndGlobalSection
	GlobalSection(ProjectConfigurationPlatforms) = postSolution
		{EC45F922-1C19-4223-A8EB-5F8DCE5F34A0}.Debug|Any CPU.ActiveCfg = Debug|Any CPU
		{EC45F922-1C19-4223-A8EB-5F8DCE5F34A0}.Debug|Any CPU.Build.0 = Debug|Any CPU
		{EC45F922-1C19-4223-A8EB-5F8DCE5F34A0}.Release|Any CPU.ActiveCfg = Release|Any CPU
		{EC45F922-1C19-4223-A8EB-5F8DCE5F34A0}.Release|Any CPU.Build.0 = Release|Any CPU
		{BDAA182A-8C0F-4714-8535-F28181FDD33F}.Debug|Any CPU.ActiveCfg = Debug|Any CPU
		{BDAA182A-8C0F-4714-8535-F28181FDD33F}.Debug|Any CPU.Build.0 = Debug|Any CPU
		{BDAA182A-8C0F-4714-8535-F28181FDD33F}.Release|Any CPU.ActiveCfg = Release|Any CPU
		{BDAA182A-8C0F-4714-8535-F28181FDD33F}.Release|Any CPU.Build.0 = Release|Any CPU
	EndGlobalSection
	GlobalSection(SolutionProperties) = preSolution
		HideSolutionNode = FALSE
	EndGlobalSection
	GlobalSection(ExtensibilityGlobals) = postSolution
		SolutionGuid = {D86421AE-6877-4F91-AB17-3F9060BC8C85}
	EndGlobalSection
EndGlobal
